// !$*UTF8*$!
{
	archiveVersion = 1;
	classes = {
	};
	objectVersion = 50;
	objects = {

/* Begin PBXBuildFile section */
		5A0D0EB820E217D900CEEABF /* JLUtil.m in Sources */ = {isa = PBXBuildFile; fileRef = 5A0D0EB720E217D900CEEABF /* JLUtil.m */; };
		5A0D109021413291005FE672 /* SingleLinkList.c in Sources */ = {isa = PBXBuildFile; fileRef = 5A0D108E21413291005FE672 /* SingleLinkList.c */; };
		5A6A35D320F6E8B200A91097 /* TPTestDrawView.m in Sources */ = {isa = PBXBuildFile; fileRef = 5A6A35D220F6E8B200A91097 /* TPTestDrawView.m */; };
		5AE9C3F120BF90A600BDAE3A /* AppDelegate.m in Sources */ = {isa = PBXBuildFile; fileRef = 5AE9C3F020BF90A600BDAE3A /* AppDelegate.m */; };
		5AE9C3F420BF90A600BDAE3A /* ViewController.m in Sources */ = {isa = PBXBuildFile; fileRef = 5AE9C3F320BF90A600BDAE3A /* ViewController.m */; };
		5AE9C3F720BF90A600BDAE3A /* Main.storyboard in Resources */ = {isa = PBXBuildFile; fileRef = 5AE9C3F520BF90A600BDAE3A /* Main.storyboard */; };
		5AE9C3F920BF90A900BDAE3A /* Assets.xcassets in Resources */ = {isa = PBXBuildFile; fileRef = 5AE9C3F820BF90A900BDAE3A /* Assets.xcassets */; };
		5AE9C3FC20BF90A900BDAE3A /* LaunchScreen.storyboard in Resources */ = {isa = PBXBuildFile; fileRef = 5AE9C3FA20BF90A900BDAE3A /* LaunchScreen.storyboard */; };
		5AE9C3FF20BF90A900BDAE3A /* main.m in Sources */ = {isa = PBXBuildFile; fileRef = 5AE9C3FE20BF90A900BDAE3A /* main.m */; };
		5AE9C40720BF90BA00BDAE3A /* MISTestBlockView.m in Sources */ = {isa = PBXBuildFile; fileRef = 5AE9C40520BF90BA00BDAE3A /* MISTestBlockView.m */; };
		5AE9C40F20BFD8F500BDAE3A /* UIView+CurrentTime.m in Sources */ = {isa = PBXBuildFile; fileRef = 5AE9C40E20BFD8F500BDAE3A /* UIView+CurrentTime.m */; };
		5AE9C41A20C53D4800BDAE3A /* TPAlgorithmManager.m in Sources */ = {isa = PBXBuildFile; fileRef = 5AE9C41920C53D4800BDAE3A /* TPAlgorithmManager.m */; };
		5AE9C41C20C5451000BDAE3A /* algorithm.c in Sources */ = {isa = PBXBuildFile; fileRef = 5AE9C41520C53BA900BDAE3A /* algorithm.c */; };
/* End PBXBuildFile section */

/* Begin PBXFileReference section */
		5A0D0EB620E217D900CEEABF /* JLUtil.h */ = {isa = PBXFileReference; lastKnownFileType = sourcecode.c.h; path = JLUtil.h; sourceTree = "<group>"; };
		5A0D0EB720E217D900CEEABF /* JLUtil.m */ = {isa = PBXFileReference; lastKnownFileType = sourcecode.c.objc; path = JLUtil.m; sourceTree = "<group>"; };
		5A0D108E21413291005FE672 /* SingleLinkList.c */ = {isa = PBXFileReference; lastKnownFileType = sourcecode.c.c; path = SingleLinkList.c; sourceTree = "<group>"; };
		5A0D108F21413291005FE672 /* SingleLinkList.h */ = {isa = PBXFileReference; lastKnownFileType = sourcecode.c.h; path = SingleLinkList.h; sourceTree = "<group>"; };
		5A6A35D120F6E8B200A91097 /* TPTestDrawView.h */ = {isa = PBXFileReference; lastKnownFileType = sourcecode.c.h; path = TPTestDrawView.h; sourceTree = "<group>"; };
		5A6A35D220F6E8B200A91097 /* TPTestDrawView.m */ = {isa = PBXFileReference; lastKnownFileType = sourcecode.c.objc; path = TPTestDrawView.m; sourceTree = "<group>"; };
		5A6A35D520F6F13C00A91097 /* TPConfig.h */ = {isa = PBXFileReference; lastKnownFileType = sourcecode.c.h; path = TPConfig.h; sourceTree = "<group>"; };
		5AE9C3EC20BF90A600BDAE3A /* TP_liu.app */ = {isa = PBXFileReference; explicitFileType = wrapper.application; includeInIndex = 0; path = TP_liu.app; sourceTree = BUILT_PRODUCTS_DIR; };
		5AE9C3EF20BF90A600BDAE3A /* AppDelegate.h */ = {isa = PBXFileReference; lastKnownFileType = sourcecode.c.h; path = AppDelegate.h; sourceTree = "<group>"; };
		5AE9C3F020BF90A600BDAE3A /* AppDelegate.m */ = {isa = PBXFileReference; lastKnownFileType = sourcecode.c.objc; path = AppDelegate.m; sourceTree = "<group>"; };
		5AE9C3F220BF90A600BDAE3A /* ViewController.h */ = {isa = PBXFileReference; lastKnownFileType = sourcecode.c.h; path = ViewController.h; sourceTree = "<group>"; };
		5AE9C3F320BF90A600BDAE3A /* ViewController.m */ = {isa = PBXFileReference; lastKnownFileType = sourcecode.c.objc; path = ViewController.m; sourceTree = "<group>"; };
		5AE9C3F620BF90A600BDAE3A /* Base */ = {isa = PBXFileReference; lastKnownFileType = file.storyboard; name = Base; path = Base.lproj/Main.storyboard; sourceTree = "<group>"; };
		5AE9C3F820BF90A900BDAE3A /* Assets.xcassets */ = {isa = PBXFileReference; lastKnownFileType = folder.assetcatalog; path = Assets.xcassets; sourceTree = "<group>"; };
		5AE9C3FB20BF90A900BDAE3A /* Base */ = {isa = PBXFileReference; lastKnownFileType = file.storyboard; name = Base; path = Base.lproj/LaunchScreen.storyboard; sourceTree = "<group>"; };
		5AE9C3FD20BF90A900BDAE3A /* Info.plist */ = {isa = PBXFileReference; lastKnownFileType = text.plist.xml; path = Info.plist; sourceTree = "<group>"; };
		5AE9C3FE20BF90A900BDAE3A /* main.m */ = {isa = PBXFileReference; lastKnownFileType = sourcecode.c.objc; path = main.m; sourceTree = "<group>"; };
		5AE9C40520BF90BA00BDAE3A /* MISTestBlockView.m */ = {isa = PBXFileReference; fileEncoding = 4; lastKnownFileType = sourcecode.c.objc; path = MISTestBlockView.m; sourceTree = "<group>"; };
		5AE9C40620BF90BA00BDAE3A /* MISTestBlockView.h */ = {isa = PBXFileReference; fileEncoding = 4; lastKnownFileType = sourcecode.c.h; path = MISTestBlockView.h; sourceTree = "<group>"; };
		5AE9C40D20BFD8F500BDAE3A /* UIView+CurrentTime.h */ = {isa = PBXFileReference; lastKnownFileType = sourcecode.c.h; path = "UIView+CurrentTime.h"; sourceTree = "<group>"; };
		5AE9C40E20BFD8F500BDAE3A /* UIView+CurrentTime.m */ = {isa = PBXFileReference; lastKnownFileType = sourcecode.c.objc; path = "UIView+CurrentTime.m"; sourceTree = "<group>"; };
		5AE9C41520C53BA900BDAE3A /* algorithm.c */ = {isa = PBXFileReference; lastKnownFileType = sourcecode.c.c; path = algorithm.c; sourceTree = "<group>"; };
		5AE9C41620C53BA900BDAE3A /* algorithm.h */ = {isa = PBXFileReference; lastKnownFileType = sourcecode.c.h; path = algorithm.h; sourceTree = "<group>"; };
		5AE9C41820C53D4800BDAE3A /* TPAlgorithmManager.h */ = {isa = PBXFileReference; lastKnownFileType = sourcecode.c.h; path = TPAlgorithmManager.h; sourceTree = "<group>"; };
		5AE9C41920C53D4800BDAE3A /* TPAlgorithmManager.m */ = {isa = PBXFileReference; lastKnownFileType = sourcecode.c.objc; path = TPAlgorithmManager.m; sourceTree = "<group>"; };
/* End PBXFileReference section */

/* Begin PBXFrameworksBuildPhase section */
		5AE9C3E920BF90A600BDAE3A /* Frameworks */ = {
			isa = PBXFrameworksBuildPhase;
			buildActionMask = 2147483647;
			files = (
			);
			runOnlyForDeploymentPostprocessing = 0;
		};
/* End PBXFrameworksBuildPhase section */

/* Begin PBXGroup section */
		5A6A35D420F6E8C500A91097 /* ViewController */ = {
			isa = PBXGroup;
			children = (
				5AE9C3F220BF90A600BDAE3A /* ViewController.h */,
				5AE9C3F320BF90A600BDAE3A /* ViewController.m */,
			);
			path = ViewController;
			sourceTree = "<group>";
		};
		5A6A35D620F6F1A500A91097 /* Global */ = {
			isa = PBXGroup;
			children = (
			);
			path = Global;
			sourceTree = "<group>";
		};
		5AE9C3E320BF90A600BDAE3A = {
			isa = PBXGroup;
			children = (
				5AE9C3EE20BF90A600BDAE3A /* TP_liu */,
				5AE9C3ED20BF90A600BDAE3A /* Products */,
			);
			sourceTree = "<group>";
		};
		5AE9C3ED20BF90A600BDAE3A /* Products */ = {
			isa = PBXGroup;
			children = (
				5AE9C3EC20BF90A600BDAE3A /* TP_liu.app */,
			);
			name = Products;
			sourceTree = "<group>";
		};
		5AE9C3EE20BF90A600BDAE3A /* TP_liu */ = {
			isa = PBXGroup;
			children = (
				5A6A35D620F6F1A500A91097 /* Global */,
				5A6A35D420F6E8C500A91097 /* ViewController */,
				5AE9C40920BFD88700BDAE3A /* Categories */,
				5A6A35D520F6F13C00A91097 /* TPConfig.h */,
				5AE9C41620C53BA900BDAE3A /* algorithm.h */,
				5AE9C41520C53BA900BDAE3A /* algorithm.c */,
				5A0D108E21413291005FE672 /* SingleLinkList.c */,
				5A0D108F21413291005FE672 /* SingleLinkList.h */,
				5AE9C41820C53D4800BDAE3A /* TPAlgorithmManager.h */,
				5AE9C41920C53D4800BDAE3A /* TPAlgorithmManager.m */,
				5A0D0EB620E217D900CEEABF /* JLUtil.h */,
				5A0D0EB720E217D900CEEABF /* JLUtil.m */,
				5AE9C40820BF90C100BDAE3A /* Views */,
				5AE9C3F520BF90A600BDAE3A /* Main.storyboard */,
				5AE9C3F820BF90A900BDAE3A /* Assets.xcassets */,
				5AE9C3FA20BF90A900BDAE3A /* LaunchScreen.storyboard */,
				5AE9C3FD20BF90A900BDAE3A /* Info.plist */,
				5AE9C3FE20BF90A900BDAE3A /* main.m */,
				5AE9C3EF20BF90A600BDAE3A /* AppDelegate.h */,
				5AE9C3F020BF90A600BDAE3A /* AppDelegate.m */,
			);
			path = TP_liu;
			sourceTree = "<group>";
		};
		5AE9C40820BF90C100BDAE3A /* Views */ = {
			isa = PBXGroup;
			children = (
				5AE9C40620BF90BA00BDAE3A /* MISTestBlockView.h */,
				5AE9C40520BF90BA00BDAE3A /* MISTestBlockView.m */,
				5A6A35D120F6E8B200A91097 /* TPTestDrawView.h */,
				5A6A35D220F6E8B200A91097 /* TPTestDrawView.m */,
			);
			path = Views;
			sourceTree = "<group>";
		};
		5AE9C40920BFD88700BDAE3A /* Categories */ = {
			isa = PBXGroup;
			children = (
				5AE9C40D20BFD8F500BDAE3A /* UIView+CurrentTime.h */,
				5AE9C40E20BFD8F500BDAE3A /* UIView+CurrentTime.m */,
			);
			path = Categories;
			sourceTree = "<group>";
		};
/* End PBXGroup section */

/* Begin PBXNativeTarget section */
		5AE9C3EB20BF90A600BDAE3A /* TP_liu */ = {
			isa = PBXNativeTarget;
			buildConfigurationList = 5AE9C40220BF90A900BDAE3A /* Build configuration list for PBXNativeTarget "TP_liu" */;
			buildPhases = (
				5AE9C3E820BF90A600BDAE3A /* Sources */,
				5AE9C3E920BF90A600BDAE3A /* Frameworks */,
				5AE9C3EA20BF90A600BDAE3A /* Resources */,
			);
			buildRules = (
			);
			dependencies = (
			);
			name = TP_liu;
			productName = TP_liu;
			productReference = 5AE9C3EC20BF90A600BDAE3A /* TP_liu.app */;
			productType = "com.apple.product-type.application";
		};
/* End PBXNativeTarget section */

/* Begin PBXProject section */
		5AE9C3E420BF90A600BDAE3A /* Project object */ = {
			isa = PBXProject;
			attributes = {
				LastUpgradeCheck = 0930;
				ORGANIZATIONNAME = liu;
				TargetAttributes = {
					5AE9C3EB20BF90A600BDAE3A = {
						CreatedOnToolsVersion = 9.3;
					};
				};
			};
			buildConfigurationList = 5AE9C3E720BF90A600BDAE3A /* Build configuration list for PBXProject "TP_liu" */;
			compatibilityVersion = "Xcode 9.3";
			developmentRegion = en;
			hasScannedForEncodings = 0;
			knownRegions = (
				en,
				Base,
			);
			mainGroup = 5AE9C3E320BF90A600BDAE3A;
			productRefGroup = 5AE9C3ED20BF90A600BDAE3A /* Products */;
			projectDirPath = "";
			projectRoot = "";
			targets = (
				5AE9C3EB20BF90A600BDAE3A /* TP_liu */,
			);
		};
/* End PBXProject section */

/* Begin PBXResourcesBuildPhase section */
		5AE9C3EA20BF90A600BDAE3A /* Resources */ = {
			isa = PBXResourcesBuildPhase;
			buildActionMask = 2147483647;
			files = (
				5AE9C3FC20BF90A900BDAE3A /* LaunchScreen.storyboard in Resources */,
				5AE9C3F920BF90A900BDAE3A /* Assets.xcassets in Resources */,
				5AE9C3F720BF90A600BDAE3A /* Main.storyboard in Resources */,
			);
			runOnlyForDeploymentPostprocessing = 0;
		};
/* End PBXResourcesBuildPhase section */

/* Begin PBXSourcesBuildPhase section */
		5AE9C3E820BF90A600BDAE3A /* Sources */ = {
			isa = PBXSourcesBuildPhase;
			buildActionMask = 2147483647;
			files = (
				5A6A35D320F6E8B200A91097 /* TPTestDrawView.m in Sources */,
				5AE9C41C20C5451000BDAE3A /* algorithm.c in Sources */,
				5AE9C40720BF90BA00BDAE3A /* MISTestBlockView.m in Sources */,
				5AE9C3F420BF90A600BDAE3A /* ViewController.m in Sources */,
				5AE9C3FF20BF90A900BDAE3A /* main.m in Sources */,
				5AE9C3F120BF90A600BDAE3A /* AppDelegate.m in Sources */,
				5AE9C40F20BFD8F500BDAE3A /* UIView+CurrentTime.m in Sources */,
				5AE9C41A20C53D4800BDAE3A /* TPAlgorithmManager.m in Sources */,
				5A0D0EB820E217D900CEEABF /* JLUtil.m in Sources */,
				5A0D109021413291005FE672 /* SingleLinkList.c in Sources */,
			);
			runOnlyForDeploymentPostprocessing = 0;
		};
/* End PBXSourcesBuildPhase section */

/* Begin PBXVariantGroup section */
		5AE9C3F520BF90A600BDAE3A /* Main.storyboard */ = {
			isa = PBXVariantGroup;
			children = (
				5AE9C3F620BF90A600BDAE3A /* Base */,
			);
			name = Main.storyboard;
			sourceTree = "<group>";
		};
		5AE9C3FA20BF90A900BDAE3A /* LaunchScreen.storyboard */ = {
			isa = PBXVariantGroup;
			children = (
				5AE9C3FB20BF90A900BDAE3A /* Base */,
			);
			name = LaunchScreen.storyboard;
			sourceTree = "<group>";
		};
/* End PBXVariantGroup section */

/* Begin XCBuildConfiguration section */
		5AE9C40020BF90A900BDAE3A /* Debug */ = {
			isa = XCBuildConfiguration;
			buildSettings = {
				ALWAYS_SEARCH_USER_PATHS = NO;
				CLANG_ANALYZER_NONNULL = YES;
				CLANG_ANALYZER_NUMBER_OBJECT_CONVERSION = YES_AGGRESSIVE;
				CLANG_CXX_LANGUAGE_STANDARD = "gnu++14";
				CLANG_CXX_LIBRARY = "libc++";
				CLANG_ENABLE_MODULES = YES;
				CLANG_ENABLE_OBJC_ARC = YES;
				CLANG_ENABLE_OBJC_WEAK = YES;
				CLANG_WARN_BLOCK_CAPTURE_AUTORELEASING = YES;
				CLANG_WARN_BOOL_CONVERSION = YES;
				CLANG_WARN_COMMA = YES;
				CLANG_WARN_CONSTANT_CONVERSION = YES;
				CLANG_WARN_DEPRECATED_OBJC_IMPLEMENTATIONS = YES;
				CLANG_WARN_DIRECT_OBJC_ISA_USAGE = YES_ERROR;
				CLANG_WARN_DOCUMENTATION_COMMENTS = YES;
				CLANG_WARN_EMPTY_BODY = YES;
				CLANG_WARN_ENUM_CONVERSION = YES;
				CLANG_WARN_INFINITE_RECURSION = YES;
				CLANG_WARN_INT_CONVERSION = YES;
				CLANG_WARN_NON_LITERAL_NULL_CONVERSION = YES;
				CLANG_WARN_OBJC_IMPLICIT_RETAIN_SELF = YES;
				CLANG_WARN_OBJC_LITERAL_CONVERSION = YES;
				CLANG_WARN_OBJC_ROOT_CLASS = YES_ERROR;
				CLANG_WARN_RANGE_LOOP_ANALYSIS = YES;
				CLANG_WARN_STRICT_PROTOTYPES = YES;
				CLANG_WARN_SUSPICIOUS_MOVE = YES;
				CLANG_WARN_UNGUARDED_AVAILABILITY = YES_AGGRESSIVE;
				CLANG_WARN_UNREACHABLE_CODE = YES;
				CLANG_WARN__DUPLICATE_METHOD_MATCH = YES;
				CODE_SIGN_IDENTITY = "iPhone Developer";
				COPY_PHASE_STRIP = NO;
				DEBUG_INFORMATION_FORMAT = dwarf;
				ENABLE_STRICT_OBJC_MSGSEND = YES;
				ENABLE_TESTABILITY = YES;
				GCC_C_LANGUAGE_STANDARD = gnu11;
				GCC_DYNAMIC_NO_PIC = NO;
				GCC_NO_COMMON_BLOCKS = YES;
				GCC_OPTIMIZATION_LEVEL = 0;
				GCC_PREPROCESSOR_DEFINITIONS = (
					"DEBUG=1",
					"$(inherited)",
				);
				GCC_WARN_64_TO_32_BIT_CONVERSION = YES;
				GCC_WARN_ABOUT_RETURN_TYPE = YES_ERROR;
				GCC_WARN_UNDECLARED_SELECTOR = YES;
				GCC_WARN_UNINITIALIZED_AUTOS = YES_AGGRESSIVE;
				GCC_WARN_UNUSED_FUNCTION = YES;
				GCC_WARN_UNUSED_VARIABLE = YES;
				IPHONEOS_DEPLOYMENT_TARGET = 11.3;
				MTL_ENABLE_DEBUG_INFO = YES;
				ONLY_ACTIVE_ARCH = YES;
				SDKROOT = iphoneos;
			};
			name = Debug;
		};
		5AE9C40120BF90A900BDAE3A /* Release */ = {
			isa = XCBuildConfiguration;
			buildSettings = {
				ALWAYS_SEARCH_USER_PATHS = NO;
				CLANG_ANALYZER_NONNULL = YES;
				CLANG_ANALYZER_NUMBER_OBJECT_CONVERSION = YES_AGGRESSIVE;
				CLANG_CXX_LANGUAGE_STANDARD = "gnu++14";
				CLANG_CXX_LIBRARY = "libc++";
				CLANG_ENABLE_MODULES = YES;
				CLANG_ENABLE_OBJC_ARC = YES;
				CLANG_ENABLE_OBJC_WEAK = YES;
				CLANG_WARN_BLOCK_CAPTURE_AUTORELEASING = YES;
				CLANG_WARN_BOOL_CONVERSION = YES;
				CLANG_WARN_COMMA = YES;
				CLANG_WARN_CONSTANT_CONVERSION = YES;
				CLANG_WARN_DEPRECATED_OBJC_IMPLEMENTATIONS = YES;
				CLANG_WARN_DIRECT_OBJC_ISA_USAGE = YES_ERROR;
				CLANG_WARN_DOCUMENTATION_COMMENTS = YES;
				CLANG_WARN_EMPTY_BODY = YES;
				CLANG_WARN_ENUM_CONVERSION = YES;
				CLANG_WARN_INFINITE_RECURSION = YES;
				CLANG_WARN_INT_CONVERSION = YES;
				CLANG_WARN_NON_LITERAL_NULL_CONVERSION = YES;
				CLANG_WARN_OBJC_IMPLICIT_RETAIN_SELF = YES;
				CLANG_WARN_OBJC_LITERAL_CONVERSION = YES;
				CLANG_WARN_OBJC_ROOT_CLASS = YES_ERROR;
				CLANG_WARN_RANGE_LOOP_ANALYSIS = YES;
				CLANG_WARN_STRICT_PROTOTYPES = YES;
				CLANG_WARN_SUSPICIOUS_MOVE = YES;
				CLANG_WARN_UNGUARDED_AVAILABILITY = YES_AGGRESSIVE;
				CLANG_WARN_UNREACHABLE_CODE = YES;
				CLANG_WARN__DUPLICATE_METHOD_MATCH = YES;
				CODE_SIGN_IDENTITY = "iPhone Developer";
				COPY_PHASE_STRIP = NO;
				DEBUG_INFORMATION_FORMAT = "dwarf-with-dsym";
				ENABLE_NS_ASSERTIONS = NO;
				ENABLE_STRICT_OBJC_MSGSEND = YES;
				GCC_C_LANGUAGE_STANDARD = gnu11;
				GCC_NO_COMMON_BLOCKS = YES;
				GCC_WARN_64_TO_32_BIT_CONVERSION = YES;
				GCC_WARN_ABOUT_RETURN_TYPE = YES_ERROR;
				GCC_WARN_UNDECLARED_SELECTOR = YES;
				GCC_WARN_UNINITIALIZED_AUTOS = YES_AGGRESSIVE;
				GCC_WARN_UNUSED_FUNCTION = YES;
				GCC_WARN_UNUSED_VARIABLE = YES;
				IPHONEOS_DEPLOYMENT_TARGET = 11.3;
				MTL_ENABLE_DEBUG_INFO = NO;
				SDKROOT = iphoneos;
				VALIDATE_PRODUCT = YES;
			};
			name = Release;
		};
		5AE9C40320BF90A900BDAE3A /* Debug */ = {
			isa = XCBuildConfiguration;
			buildSettings = {
				ASSETCATALOG_COMPILER_APPICON_NAME = AppIcon;
				CODE_SIGN_STYLE = Automatic;
				INFOPLIST_FILE = TP_liu/Info.plist;
				LD_RUNPATH_SEARCH_PATHS = (
					"$(inherited)",
					"@executable_path/Frameworks",
				);
				PRODUCT_BUNDLE_IDENTIFIER = "com.aspire.TP-liu";
				PRODUCT_NAME = "$(TARGET_NAME)";
				TARGETED_DEVICE_FAMILY = "1,2";
			};
			name = Debug;
		};
		5AE9C40420BF90A900BDAE3A /* Release */ = {
			isa = XCBuildConfiguration;
			buildSettings = {
				ASSETCATALOG_COMPILER_APPICON_NAME = AppIcon;
				CODE_SIGN_STYLE = Automatic;
				INFOPLIST_FILE = TP_liu/Info.plist;
				LD_RUNPATH_SEARCH_PATHS = (
					"$(inherited)",
					"@executable_path/Frameworks",
				);
				PRODUCT_BUNDLE_IDENTIFIER = "com.aspire.TP-liu";
				PRODUCT_NAME = "$(TARGET_NAME)";
				TARGETED_DEVICE_FAMILY = "1,2";
			};
			name = Release;
		};
/* End XCBuildConfiguration section */

/* Begin XCConfigurationList section */
		5AE9C3E720BF90A600BDAE3A /* Build configuration list for PBXProject "TP_liu" */ = {
			isa = XCConfigurationList;
			buildConfigurations = (
				5AE9C40020BF90A900BDAE3A /* Debug */,
				5AE9C40120BF90A900BDAE3A /* Release */,
			);
			defaultConfigurationIsVisible = 0;
			defaultConfigurationName = Release;
		};
		5AE9C40220BF90A900BDAE3A /* Build configuration list for PBXNativeTarget "TP_liu" */ = {
			isa = XCConfigurationList;
			buildConfigurations = (
				5AE9C40320BF90A900BDAE3A /* Debug */,
				5AE9C40420BF90A900BDAE3A /* Release */,
			);
			defaultConfigurationIsVisible = 0;
			defaultConfigurationName = Release;
		};
/* End XCConfigurationList section */
	};
	rootObject = 5AE9C3E420BF90A600BDAE3A /* Project object */;
}
